{
  "requires": true,
  "lockfileVersion": 1,
  "dependencies": {
    "metro4": {
      "version": "4.4.3",
      "resolved": "https://registry.npmjs.org/metro4/-/metro4-4.4.3.tgz",
      "integrity": "sha512-yYQzr5CopxPCN2xRQYkXfsPukuLNI7/g8YrarcuGQK3StFYjWWatYcvY/BxJN8H41Xmf8QFeW0uuxfPj2o5UtQ=="
    }
  }
}
